
Microsoft Visual Studio Solution File, Format Version 12.00
# Visual Studio Version 17
VisualStudioVersion = 17.5.33530.505
MinimumVisualStudioVersion = 10.0.40219.1
Project("{888888A0-9F3D-457C-B088-3A5042F75D52}") = "Heart", "Heart\Heart.pyproj", "{BA63F209-E988-4740-A266-492C15F8BC26}"
EndProject
Global
	GlobalSection(SolutionConfigurationPlatforms) = preSolution
		Debug|Any CPU = Debug|Any CPU
		Release|Any CPU = Release|Any CPU
	EndGlobalSection
	GlobalSection(ProjectConfigurationPlatforms) = postSolution
		{BA63F209-E988-4740-A266-492C15F8BC26}.Debug|Any CPU.ActiveCfg = Debug|Any CPU
		{BA63F209-E988-4740-A266-492C15F8BC26}.Release|Any CPU.ActiveCfg = Release|Any CPU
	EndGlobalSection
	GlobalSection(SolutionProperties) = preSolution
		HideSolutionNode = FALSE
	EndGlobalSection
	GlobalSection(ExtensibilityGlobals) = postSolution
		SolutionGuid = {F7E0C308-404A-450F-9C45-DF24E42E1DB6}
	EndGlobalSection
EndGlobal
